
Microsoft Visual Studio Solution File, Format Version 12.00
# Visual Studio Version 16
VisualStudioVersion = 16.0.30011.22
MinimumVisualStudioVersion = 10.0.40219.1
Project("{FAE04EC0-301F-11D3-BF4B-00C04F79EFBC}") = "UI", "StartEfCoreVS2\UI.csproj", "{0C05CCC7-E41A-4AAE-B60B-B055350C145E}"
EndProject
Project("{FAE04EC0-301F-11D3-BF4B-00C04F79EFBC}") = "Model", "Model\Model.csproj", "{1E954FF3-12BA-491E-87F5-41A8156BD506}"
EndProject
Project("{FAE04EC0-301F-11D3-BF4B-00C04F79EFBC}") = "Tests", "Tests\Tests.csproj", "{4C3A8195-0813-49C0-9EEB-DF00C7C2B1B8}"
EndProject
Global
	GlobalSection(SolutionConfigurationPlatforms) = preSolution
		Debug|Any CPU = Debug|Any CPU
		Release|Any CPU = Release|Any CPU
	EndGlobalSection
	GlobalSection(ProjectConfigurationPlatforms) = postSolution
		{0C05CCC7-E41A-4AAE-B60B-B055350C145E}.Debug|Any CPU.ActiveCfg = Debug|Any CPU
		{0C05CCC7-E41A-4AAE-B60B-B055350C145E}.Debug|Any CPU.Build.0 = Debug|Any CPU
		{0C05CCC7-E41A-4AAE-B60B-B055350C145E}.Release|Any CPU.ActiveCfg = Release|Any CPU
		{0C05CCC7-E41A-4AAE-B60B-B055350C145E}.Release|Any CPU.Build.0 = Release|Any CPU
		{1E954FF3-12BA-491E-87F5-41A8156BD506}.Debug|Any CPU.ActiveCfg = Debug|Any CPU
		{1E954FF3-12BA-491E-87F5-41A8156BD506}.Debug|Any CPU.Build.0 = Debug|Any CPU
		{1E954FF3-12BA-491E-87F5-41A8156BD506}.Release|Any CPU.ActiveCfg = Release|Any CPU
		{1E954FF3-12BA-491E-87F5-41A8156BD506}.Release|Any CPU.Build.0 = Release|Any CPU
		{4C3A8195-0813-49C0-9EEB-DF00C7C2B1B8}.Debug|Any CPU.ActiveCfg = Debug|Any CPU
		{4C3A8195-0813-49C0-9EEB-DF00C7C2B1B8}.Debug|Any CPU.Build.0 = Debug|Any CPU
		{4C3A8195-0813-49C0-9EEB-DF00C7C2B1B8}.Release|Any CPU.ActiveCfg = Release|Any CPU
		{4C3A8195-0813-49C0-9EEB-DF00C7C2B1B8}.Release|Any CPU.Build.0 = Release|Any CPU
	EndGlobalSection
	GlobalSection(SolutionProperties) = preSolution
		HideSolutionNode = FALSE
	EndGlobalSection
	GlobalSection(ExtensibilityGlobals) = postSolution
		SolutionGuid = {E5DEC83D-C75A-48BD-B171-82D1E5AFBF3D}
	EndGlobalSection
EndGlobal
